// !$*UTF8*$!
{
	archiveVersion = 1;
	classes = {
	};
	objectVersion = 50;
	objects = {

/* Begin PBXBuildFile section */
		765668DD22B6621E0093BDC1 /* AppDelegate.swift in Sources */ = {isa = PBXBuildFile; fileRef = 765668DC22B6621E0093BDC1 /* AppDelegate.swift */; };
		765668DF22B6621E0093BDC1 /* SceneDelegate.swift in Sources */ = {isa = PBXBuildFile; fileRef = 765668DE22B6621E0093BDC1 /* SceneDelegate.swift */; };
		765668E322B662210093BDC1 /* Assets.xcassets in Resources */ = {isa = PBXBuildFile; fileRef = 765668E222B662210093BDC1 /* Assets.xcassets */; };
		765668E622B662210093BDC1 /* Preview Assets.xcassets in Resources */ = {isa = PBXBuildFile; fileRef = 765668E522B662210093BDC1 /* Preview Assets.xcassets */; };
		765668E922B662210093BDC1 /* LaunchScreen.storyboard in Resources */ = {isa = PBXBuildFile; fileRef = 765668E722B662210093BDC1 /* LaunchScreen.storyboard */; };
		765668F622B6E66A0093BDC1 /* AMPGenericObject.swift in Sources */ = {isa = PBXBuildFile; fileRef = 765668F522B6E66A0093BDC1 /* AMPGenericObject.swift */; };
		765668F922B6E6EC0093BDC1 /* DataRow.swift in Sources */ = {isa = PBXBuildFile; fileRef = 765668F822B6E6EC0093BDC1 /* DataRow.swift */; };
		765668FC22B6E7C40093BDC1 /* DataStore.swift in Sources */ = {isa = PBXBuildFile; fileRef = 765668FB22B6E7C40093BDC1 /* DataStore.swift */; };
		765668FF22B6EA440093BDC1 /* DataList.swift in Sources */ = {isa = PBXBuildFile; fileRef = 765668FE22B6EA440093BDC1 /* DataList.swift */; };
/* End PBXBuildFile section */

/* Begin PBXFileReference section */
		765668D922B6621E0093BDC1 /* AccordionSwiftUI.app */ = {isa = PBXFileReference; explicitFileType = wrapper.application; includeInIndex = 0; path = AccordionSwiftUI.app; sourceTree = BUILT_PRODUCTS_DIR; };
		765668DC22B6621E0093BDC1 /* AppDelegate.swift */ = {isa = PBXFileReference; lastKnownFileType = sourcecode.swift; path = AppDelegate.swift; sourceTree = "<group>"; };
		765668DE22B6621E0093BDC1 /* SceneDelegate.swift */ = {isa = PBXFileReference; lastKnownFileType = sourcecode.swift; path = SceneDelegate.swift; sourceTree = "<group>"; };
		765668E222B662210093BDC1 /* Assets.xcassets */ = {isa = PBXFileReference; lastKnownFileType = folder.assetcatalog; path = Assets.xcassets; sourceTree = "<group>"; };
		765668E522B662210093BDC1 /* Preview Assets.xcassets */ = {isa = PBXFileReference; lastKnownFileType = folder.assetcatalog; path = "Preview Assets.xcassets"; sourceTree = "<group>"; };
		765668E822B662210093BDC1 /* Base */ = {isa = PBXFileReference; lastKnownFileType = file.storyboard; name = Base; path = Base.lproj/LaunchScreen.storyboard; sourceTree = "<group>"; };
		765668EA22B662210093BDC1 /* Info.plist */ = {isa = PBXFileReference; lastKnownFileType = text.plist.xml; path = Info.plist; sourceTree = "<group>"; };
		765668F522B6E66A0093BDC1 /* AMPGenericObject.swift */ = {isa = PBXFileReference; lastKnownFileType = sourcecode.swift; path = AMPGenericObject.swift; sourceTree = "<group>"; };
		765668F822B6E6EC0093BDC1 /* DataRow.swift */ = {isa = PBXFileReference; lastKnownFileType = sourcecode.swift; path = DataRow.swift; sourceTree = "<group>"; };
		765668FB22B6E7C40093BDC1 /* DataStore.swift */ = {isa = PBXFileReference; lastKnownFileType = sourcecode.swift; path = DataStore.swift; sourceTree = "<group>"; };
		765668FE22B6EA440093BDC1 /* DataList.swift */ = {isa = PBXFileReference; lastKnownFileType = sourcecode.swift; path = DataList.swift; sourceTree = "<group>"; };
/* End PBXFileReference section */

/* Begin PBXFrameworksBuildPhase section */
		765668D622B6621E0093BDC1 /* Frameworks */ = {
			isa = PBXFrameworksBuildPhase;
			buildActionMask = 2147483647;
			files = (
			);
			runOnlyForDeploymentPostprocessing = 0;
		};
/* End PBXFrameworksBuildPhase section */

/* Begin PBXGroup section */
		765668D022B6621E0093BDC1 = {
			isa = PBXGroup;
			children = (
				765668DB22B6621E0093BDC1 /* AccordionSwiftUI */,
				765668DA22B6621E0093BDC1 /* Products */,
			);
			sourceTree = "<group>";
		};
		765668DA22B6621E0093BDC1 /* Products */ = {
			isa = PBXGroup;
			children = (
				765668D922B6621E0093BDC1 /* AccordionSwiftUI.app */,
			);
			name = Products;
			sourceTree = "<group>";
		};
		765668DB22B6621E0093BDC1 /* AccordionSwiftUI */ = {
			isa = PBXGroup;
			children = (
				765668FA22B6E7B30093BDC1 /* Helper */,
				765668F722B6E6D10093BDC1 /* Rows */,
				765668F422B6E6290093BDC1 /* Model */,
				765668DC22B6621E0093BDC1 /* AppDelegate.swift */,
				765668FE22B6EA440093BDC1 /* DataList.swift */,
				765668DE22B6621E0093BDC1 /* SceneDelegate.swift */,
				765668E222B662210093BDC1 /* Assets.xcassets */,
				765668E722B662210093BDC1 /* LaunchScreen.storyboard */,
				765668EA22B662210093BDC1 /* Info.plist */,
				765668E422B662210093BDC1 /* Preview Content */,
			);
			path = AccordionSwiftUI;
			sourceTree = "<group>";
		};
		765668E422B662210093BDC1 /* Preview Content */ = {
			isa = PBXGroup;
			children = (
				765668E522B662210093BDC1 /* Preview Assets.xcassets */,
			);
			path = "Preview Content";
			sourceTree = "<group>";
		};
		765668F422B6E6290093BDC1 /* Model */ = {
			isa = PBXGroup;
			children = (
				765668F522B6E66A0093BDC1 /* AMPGenericObject.swift */,
			);
			path = Model;
			sourceTree = "<group>";
		};
		765668F722B6E6D10093BDC1 /* Rows */ = {
			isa = PBXGroup;
			children = (
				765668F822B6E6EC0093BDC1 /* DataRow.swift */,
			);
			path = Rows;
			sourceTree = "<group>";
		};
		765668FA22B6E7B30093BDC1 /* Helper */ = {
			isa = PBXGroup;
			children = (
				765668FB22B6E7C40093BDC1 /* DataStore.swift */,
			);
			path = Helper;
			sourceTree = "<group>";
		};
/* End PBXGroup section */

/* Begin PBXNativeTarget section */
		765668D822B6621E0093BDC1 /* AccordionSwiftUI */ = {
			isa = PBXNativeTarget;
			buildConfigurationList = 765668ED22B662210093BDC1 /* Build configuration list for PBXNativeTarget "AccordionSwiftUI" */;
			buildPhases = (
				765668D522B6621E0093BDC1 /* Sources */,
				765668D622B6621E0093BDC1 /* Frameworks */,
				765668D722B6621E0093BDC1 /* Resources */,
			);
			buildRules = (
			);
			dependencies = (
			);
			name = AccordionSwiftUI;
			productName = AccordionSwiftUI;
			productReference = 765668D922B6621E0093BDC1 /* AccordionSwiftUI.app */;
			productType = "com.apple.product-type.application";
		};
/* End PBXNativeTarget section */

/* Begin PBXProject section */
		765668D122B6621E0093BDC1 /* Project object */ = {
			isa = PBXProject;
			attributes = {
				LastSwiftUpdateCheck = 1100;
				LastUpgradeCheck = 1100;
				ORGANIZATIONNAME = "Anoop M";
				TargetAttributes = {
					765668D822B6621E0093BDC1 = {
						CreatedOnToolsVersion = 11.0;
					};
				};
			};
			buildConfigurationList = 765668D422B6621E0093BDC1 /* Build configuration list for PBXProject "AccordionSwiftUI" */;
			compatibilityVersion = "Xcode 9.3";
			developmentRegion = en;
			hasScannedForEncodings = 0;
			knownRegions = (
				en,
				Base,
			);
			mainGroup = 765668D022B6621E0093BDC1;
			productRefGroup = 765668DA22B6621E0093BDC1 /* Products */;
			projectDirPath = "";
			projectRoot = "";
			targets = (
				765668D822B6621E0093BDC1 /* AccordionSwiftUI */,
			);
		};
/* End PBXProject section */

/* Begin PBXResourcesBuildPhase section */
		765668D722B6621E0093BDC1 /* Resources */ = {
			isa = PBXResourcesBuildPhase;
			buildActionMask = 2147483647;
			files = (
				765668E922B662210093BDC1 /* LaunchScreen.storyboard in Resources */,
				765668E622B662210093BDC1 /* Preview Assets.xcassets in Resources */,
				765668E322B662210093BDC1 /* Assets.xcassets in Resources */,
			);
			runOnlyForDeploymentPostprocessing = 0;
		};
/* End PBXResourcesBuildPhase section */

/* Begin PBXSourcesBuildPhase section */
		765668D522B6621E0093BDC1 /* Sources */ = {
			isa = PBXSourcesBuildPhase;
			buildActionMask = 2147483647;
			files = (
				765668DD22B6621E0093BDC1 /* AppDelegate.swift in Sources */,
				765668FC22B6E7C40093BDC1 /* DataStore.swift in Sources */,
				765668FF22B6EA440093BDC1 /* DataList.swift in Sources */,
				765668DF22B6621E0093BDC1 /* SceneDelegate.swift in Sources */,
				765668F922B6E6EC0093BDC1 /* DataRow.swift in Sources */,
				765668F622B6E66A0093BDC1 /* AMPGenericObject.swift in Sources */,
			);
			runOnlyForDeploymentPostprocessing = 0;
		};
/* End PBXSourcesBuildPhase section */

/* Begin PBXVariantGroup section */
		765668E722B662210093BDC1 /* LaunchScreen.storyboard */ = {
			isa = PBXVariantGroup;
			children = (
				765668E822B662210093BDC1 /* Base */,
			);
			name = LaunchScreen.storyboard;
			sourceTree = "<group>";
		};
/* End PBXVariantGroup section */

/* Begin XCBuildConfiguration section */
		765668EB22B662210093BDC1 /* Debug */ = {
			isa = XCBuildConfiguration;
			buildSettings = {
				ALWAYS_SEARCH_USER_PATHS = NO;
				CLANG_ANALYZER_NONNULL = YES;
				CLANG_ANALYZER_NUMBER_OBJECT_CONVERSION = YES_AGGRESSIVE;
				CLANG_CXX_LANGUAGE_STANDARD = "gnu++14";
				CLANG_CXX_LIBRARY = "libc++";
				CLANG_ENABLE_MODULES = YES;
				CLANG_ENABLE_OBJC_ARC = YES;
				CLANG_ENABLE_OBJC_WEAK = YES;
				CLANG_WARN_BLOCK_CAPTURE_AUTORELEASING = YES;
				CLANG_WARN_BOOL_CONVERSION = YES;
				CLANG_WARN_COMMA = YES;
				CLANG_WARN_CONSTANT_CONVERSION = YES;
				CLANG_WARN_DEPRECATED_OBJC_IMPLEMENTATIONS = YES;
				CLANG_WARN_DIRECT_OBJC_ISA_USAGE = YES_ERROR;
				CLANG_WARN_DOCUMENTATION_COMMENTS = YES;
				CLANG_WARN_EMPTY_BODY = YES;
				CLANG_WARN_ENUM_CONVERSION = YES;
				CLANG_WARN_INFINITE_RECURSION = YES;
				CLANG_WARN_INT_CONVERSION = YES;
				CLANG_WARN_NON_LITERAL_NULL_CONVERSION = YES;
				CLANG_WARN_OBJC_IMPLICIT_RETAIN_SELF = YES;
				CLANG_WARN_OBJC_LITERAL_CONVERSION = YES;
				CLANG_WARN_OBJC_ROOT_CLASS = YES_ERROR;
				CLANG_WARN_RANGE_LOOP_ANALYSIS = YES;
				CLANG_WARN_STRICT_PROTOTYPES = YES;
				CLANG_WARN_SUSPICIOUS_MOVE = YES;
				CLANG_WARN_UNGUARDED_AVAILABILITY = YES_AGGRESSIVE;
				CLANG_WARN_UNREACHABLE_CODE = YES;
				CLANG_WARN__DUPLICATE_METHOD_MATCH = YES;
				COPY_PHASE_STRIP = NO;
				DEBUG_INFORMATION_FORMAT = dwarf;
				ENABLE_STRICT_OBJC_MSGSEND = YES;
				ENABLE_TESTABILITY = YES;
				GCC_C_LANGUAGE_STANDARD = gnu11;
				GCC_DYNAMIC_NO_PIC = NO;
				GCC_NO_COMMON_BLOCKS = YES;
				GCC_OPTIMIZATION_LEVEL = 0;
				GCC_PREPROCESSOR_DEFINITIONS = (
					"DEBUG=1",
					"$(inherited)",
				);
				GCC_WARN_64_TO_32_BIT_CONVERSION = YES;
				GCC_WARN_ABOUT_RETURN_TYPE = YES_ERROR;
				GCC_WARN_UNDECLARED_SELECTOR = YES;
				GCC_WARN_UNINITIALIZED_AUTOS = YES_AGGRESSIVE;
				GCC_WARN_UNUSED_FUNCTION = YES;
				GCC_WARN_UNUSED_VARIABLE = YES;
				IPHONEOS_DEPLOYMENT_TARGET = 13.0;
				MTL_ENABLE_DEBUG_INFO = INCLUDE_SOURCE;
				MTL_FAST_MATH = YES;
				ONLY_ACTIVE_ARCH = YES;
				SDKROOT = iphoneos;
				SWIFT_ACTIVE_COMPILATION_CONDITIONS = DEBUG;
				SWIFT_OPTIMIZATION_LEVEL = "-Onone";
			};
			name = Debug;
		};
		765668EC22B662210093BDC1 /* Release */ = {
			isa = XCBuildConfiguration;
			buildSettings = {
				ALWAYS_SEARCH_USER_PATHS = NO;
				CLANG_ANALYZER_NONNULL = YES;
				CLANG_ANALYZER_NUMBER_OBJECT_CONVERSION = YES_AGGRESSIVE;
				CLANG_CXX_LANGUAGE_STANDARD = "gnu++14";
				CLANG_CXX_LIBRARY = "libc++";
				CLANG_ENABLE_MODULES = YES;
				CLANG_ENABLE_OBJC_ARC = YES;
				CLANG_ENABLE_OBJC_WEAK = YES;
				CLANG_WARN_BLOCK_CAPTURE_AUTORELEASING = YES;
				CLANG_WARN_BOOL_CONVERSION = YES;
				CLANG_WARN_COMMA = YES;
				CLANG_WARN_CONSTANT_CONVERSION = YES;
				CLANG_WARN_DEPRECATED_OBJC_IMPLEMENTATIONS = YES;
				CLANG_WARN_DIRECT_OBJC_ISA_USAGE = YES_ERROR;
				CLANG_WARN_DOCUMENTATION_COMMENTS = YES;
				CLANG_WARN_EMPTY_BODY = YES;
				CLANG_WARN_ENUM_CONVERSION = YES;
				CLANG_WARN_INFINITE_RECURSION = YES;
				CLANG_WARN_INT_CONVERSION = YES;
				CLANG_WARN_NON_LITERAL_NULL_CONVERSION = YES;
				CLANG_WARN_OBJC_IMPLICIT_RETAIN_SELF = YES;
				CLANG_WARN_OBJC_LITERAL_CONVERSION = YES;
				CLANG_WARN_OBJC_ROOT_CLASS = YES_ERROR;
				CLANG_WARN_RANGE_LOOP_ANALYSIS = YES;
				CLANG_WARN_STRICT_PROTOTYPES = YES;
				CLANG_WARN_SUSPICIOUS_MOVE = YES;
				CLANG_WARN_UNGUARDED_AVAILABILITY = YES_AGGRESSIVE;
				CLANG_WARN_UNREACHABLE_CODE = YES;
				CLANG_WARN__DUPLICATE_METHOD_MATCH = YES;
				COPY_PHASE_STRIP = NO;
				DEBUG_INFORMATION_FORMAT = "dwarf-with-dsym";
				ENABLE_NS_ASSERTIONS = NO;
				ENABLE_STRICT_OBJC_MSGSEND = YES;
				GCC_C_LANGUAGE_STANDARD = gnu11;
				GCC_NO_COMMON_BLOCKS = YES;
				GCC_WARN_64_TO_32_BIT_CONVERSION = YES;
				GCC_WARN_ABOUT_RETURN_TYPE = YES_ERROR;
				GCC_WARN_UNDECLARED_SELECTOR = YES;
				GCC_WARN_UNINITIALIZED_AUTOS = YES_AGGRESSIVE;
				GCC_WARN_UNUSED_FUNCTION = YES;
				GCC_WARN_UNUSED_VARIABLE = YES;
				IPHONEOS_DEPLOYMENT_TARGET = 13.0;
				MTL_ENABLE_DEBUG_INFO = NO;
				MTL_FAST_MATH = YES;
				SDKROOT = iphoneos;
				SWIFT_COMPILATION_MODE = wholemodule;
				SWIFT_OPTIMIZATION_LEVEL = "-O";
				VALIDATE_PRODUCT = YES;
			};
			name = Release;
		};
		765668EE22B662210093BDC1 /* Debug */ = {
			isa = XCBuildConfiguration;
			buildSettings = {
				ASSETCATALOG_COMPILER_APPICON_NAME = AppIcon;
				CODE_SIGN_STYLE = Automatic;
				DEVELOPMENT_ASSET_PATHS = "AccordionSwiftUI/Preview\\ Content";
				ENABLE_PREVIEWS = YES;
				INFOPLIST_FILE = AccordionSwiftUI/Info.plist;
				LD_RUNPATH_SEARCH_PATHS = (
					"$(inherited)",
					"@executable_path/Frameworks",
				);
				PRODUCT_BUNDLE_IDENTIFIER = com.anoop.AccordionSwiftUI;
				PRODUCT_NAME = "$(TARGET_NAME)";
				SWIFT_VERSION = 5.0;
				TARGETED_DEVICE_FAMILY = "1,2";
			};
			name = Debug;
		};
		765668EF22B662210093BDC1 /* Release */ = {
			isa = XCBuildConfiguration;
			buildSettings = {
				ASSETCATALOG_COMPILER_APPICON_NAME = AppIcon;
				CODE_SIGN_STYLE = Automatic;
				DEVELOPMENT_ASSET_PATHS = "AccordionSwiftUI/Preview\\ Content";
				ENABLE_PREVIEWS = YES;
				INFOPLIST_FILE = AccordionSwiftUI/Info.plist;
				LD_RUNPATH_SEARCH_PATHS = (
					"$(inherited)",
					"@executable_path/Frameworks",
				);
				PRODUCT_BUNDLE_IDENTIFIER = com.anoop.AccordionSwiftUI;
				PRODUCT_NAME = "$(TARGET_NAME)";
				SWIFT_VERSION = 5.0;
				TARGETED_DEVICE_FAMILY = "1,2";
			};
			name = Release;
		};
/* End XCBuildConfiguration section */

/* Begin XCConfigurationList section */
		765668D422B6621E0093BDC1 /* Build configuration list for PBXProject "AccordionSwiftUI" */ = {
			isa = XCConfigurationList;
			buildConfigurations = (
				765668EB22B662210093BDC1 /* Debug */,
				765668EC22B662210093BDC1 /* Release */,
			);
			defaultConfigurationIsVisible = 0;
			defaultConfigurationName = Release;
		};
		765668ED22B662210093BDC1 /* Build configuration list for PBXNativeTarget "AccordionSwiftUI" */ = {
			isa = XCConfigurationList;
			buildConfigurations = (
				765668EE22B662210093BDC1 /* Debug */,
				765668EF22B662210093BDC1 /* Release */,
			);
			defaultConfigurationIsVisible = 0;
			defaultConfigurationName = Release;
		};
/* End XCConfigurationList section */
	};
	rootObject = 765668D122B6621E0093BDC1 /* Project object */;
}
